
Microsoft Visual Studio Solution File, Format Version 12.00
# Visual Studio Version 17
VisualStudioVersion = 17.11.35222.181
MinimumVisualStudioVersion = 10.0.40219.1
Project("{9A19103F-16F7-4668-BE54-9A1E7A4F7556}") = "vacation idea", "vacation idea.csproj", "{D90D4D69-23FC-45CD-95EB-D6108EF4C52F}"
EndProject
Global
	GlobalSection(SolutionConfigurationPlatforms) = preSolution
		Debug|Any CPU = Debug|Any CPU
		Release|Any CPU = Release|Any CPU
	EndGlobalSection
	GlobalSection(ProjectConfigurationPlatforms) = postSolution
		{D90D4D69-23FC-45CD-95EB-D6108EF4C52F}.Debug|Any CPU.ActiveCfg = Debug|Any CPU
		{D90D4D69-23FC-45CD-95EB-D6108EF4C52F}.Debug|Any CPU.Build.0 = Debug|Any CPU
		{D90D4D69-23FC-45CD-95EB-D6108EF4C52F}.Release|Any CPU.ActiveCfg = Release|Any CPU
		{D90D4D69-23FC-45CD-95EB-D6108EF4C52F}.Release|Any CPU.Build.0 = Release|Any CPU
	EndGlobalSection
	GlobalSection(SolutionProperties) = preSolution
		HideSolutionNode = FALSE
	EndGlobalSection
	GlobalSection(ExtensibilityGlobals) = postSolution
		SolutionGuid = {7A93BA2E-4EE8-4C5A-B502-407BFC9DD10F}
	EndGlobalSection
EndGlobal
